{
  "name": "quantum-template",
  "lockfileVersion": 3,
  "requires": true,
  "packages": {
    "": {
      "name": "quantum-template",
      "license": "MIT",
      "dependencies": {
        "@solid-primitives/autofocus": "^0.1.3",
        "@solid-primitives/event-listener": "^2.4.3",
        "@solid-primitives/fetch": "^2.5.2",
        "@solid-primitives/storage": "^4.3.3",
        "@solid-primitives/transition-group": "^1.1.2",
        "@solidjs/router": "^0.15.4",
        "@solidjs/start": "^1.2.1",
        "@tauri-apps/api": "^2.9.1",
        "@tauri-apps/plugin-barcode-scanner": "^2.4.3",
        "@tauri-apps/plugin-clipboard-manager": "^2.3.2",
        "@tauri-apps/plugin-dialog": "^2.6.0",
        "@tauri-apps/plugin-fs": "^2.4.5",
        "@tauri-apps/plugin-http": "^2.5.6",
        "@tauri-apps/plugin-notification": "^2.3.3",
        "@tauri-apps/plugin-opener": "^2.5.3",
        "@tauri-apps/plugin-os": "^2.3.2",
        "clsx": "^2.1.1",
        "kysely": "^0.28.10",
        "kysely-d1": "^0.4.0",
        "lucide-solid": "^0.562.0",
        "qrcode": "^1.5.4",
        "solid-js": "^1.9.10",
        "solid-motionone": "^1.0.4",
        "solid-sonner": "^0.2.8",
        "tailwind-merge": "^3.4.0",
        "tailwindcss": "^4.1.18",
        "vconsole": "^3.15.1",
        "vinxi": "^0.5.11"
      },
      "devDependencies": {
        "@tauri-apps/cli": "^2.9.6",
        "@types/qrcode": "^1.5.6",
        "autoprefixer": "^10.4.23",
        "internal-ip": "^8.0.1",
        "postcss": "^8.5.6",
        "prettier": "^3.8.0",
        "prettier-plugin-tailwindcss": "^0.7.2",
        "typescript": "^5.9.3",
        "vite": "^7.3.1",
        "vite-plugin-solid": "^2.11.10"
      }
    },
    "../node_modules/.pnpm/@solid-primitives+autofocus@0.1.3_solid-js@1.9.10/node_modules/@solid-primitives/autofocus": {
      "version": "0.1.3",
      "license": "MIT",
      "dependencies": {
        "@solid-primitives/utils": "^6.3.2"
      },
      "devDependencies": {
        "solid-js": "^1.9.7"
      },
      "peerDependencies": {
        "solid-js": "^1.6.12"
      }
    },
    "../node_modules/.pnpm/@solid-primitives+event-listener@2.4.3_solid-js@1.9.10/node_modules/@solid-primitives/event-listener": {
      "version": "2.4.3",
      "license": "MIT",
      "dependencies": {
        "@solid-primitives/utils": "^6.3.2"
      },
      "devDependencies": {
        "solid-js": "^1.9.7"
      },
      "peerDependencies": {
        "solid-js": "^1.6.12"
      }
    },
    "../node_modules/.pnpm/@solid-primitives+fetch@2.5.2_solid-js@1.9.10/node_modules/@solid-primitives/fetch": {
      "version": "2.5.2",
      "license": "MIT",
      "dependencies": {
        "node-fetch": "^3.3.2"
      },
      "devDependencies": {
        "solid-js": "^1.9.7"
      },
      "peerDependencies": {
        "node-fetch": ">=3.2.10",
        "solid-js": "^1.6.12"
      },
      "peerDependenciesMeta": {
        "node-fetch": {
          "optional": true
        }
      }
    },
    "../node_modules/.pnpm/@solid-primitives+storage@4.3.3_solid-js@1.9.10/node_modules/@solid-primitives/storage": {
      "version": "4.3.3",
      "license": "MIT",
      "dependencies": {
        "@solid-primitives/utils": "^6.3.2"
      },
      "devDependencies": {
        "solid-js": "^1.9.7"
      },
      "peerDependencies": {
        "@tauri-apps/plugin-store": "*",
        "solid-js": "^1.6.12"
      },
      "peerDependenciesMeta": {
        "@tauri-apps/plugin-store": {
          "optional": true
        },
        "solid-start": {
          "optional": true
        }
      }
    },
    "../node_modules/.pnpm/@solid-primitives+transition-group@1.1.2_solid-js@1.9.10/node_modules/@solid-primitives/transition-group": {
      "version": "1.1.2",
      "license": "MIT",
      "devDependencies": {
        "@solid-primitives/refs": "^1.1.2",
        "@solid-primitives/utils": "^6.3.2",
        "solid-js": "^1.9.7"
      },
      "peerDependencies": {
        "solid-js": "^1.6.12"
      }
    },
    "../node_modules/.pnpm/@solidjs+router@0.15.4_solid-js@1.9.10/node_modules/@solidjs/router": {
      "version": "0.15.4",
      "license": "MIT",
      "devDependencies": {
        "@babel/core": "^7.26.0",
        "@babel/preset-typescript": "^7.26.0",
        "@changesets/cli": "^2.27.10",
        "@rollup/plugin-babel": "6.0.4",
        "@rollup/plugin-node-resolve": "15.3.0",
        "@rollup/plugin-terser": "0.4.4",
        "@types/jest": "^29.5.14",
        "@types/node": "^22.10.0",
        "babel-preset-solid": "^1.9.3",
        "jsdom": "^25.0.1",
        "prettier": "^3.4.1",
        "rollup": "^4.27.4",
        "solid-js": "^1.9.3",
        "typescript": "^5.7.2",
        "vite": "^6.0.0",
        "vite-plugin-solid": "^2.11.0",
        "vitest": "^2.1.6"
      },
      "peerDependencies": {
        "solid-js": "^1.8.6"
      }
    },
    "../node_modules/.pnpm/@solidjs+start@1.2.1_solid-js@1.9.10_vinxi@0.5.11_@types+node@25.0.3_better-sqlite3@12._4e7f513a8930e4946e26d4ec267f8bcf/node_modules/@solidjs/start": {
      "version": "1.2.1",
      "license": "MIT",
      "dependencies": {
        "@tanstack/server-functions-plugin": "1.121.21",
        "@vinxi/plugin-directives": "^0.5.0",
        "@vinxi/server-components": "^0.5.0",
        "cookie-es": "^2.0.0",
        "defu": "^6.1.2",
        "error-stack-parser": "^2.1.4",
        "html-to-image": "^1.11.11",
        "radix3": "^1.1.0",
        "seroval": "^1.4.1",
        "seroval-plugins": "^1.4.0",
        "shiki": "^1.26.1",
        "source-map-js": "^1.0.2",
        "terracotta": "^1.0.4",
        "tinyglobby": "^0.2.2",
        "vite-plugin-solid": "^2.11.1"
      },
      "devDependencies": {
        "solid-js": "^1.9.5",
        "vinxi": "^0.5.7",
        "vitest": "3.0.5"
      },
      "peerDependencies": {
        "vinxi": "^0.5.7"
      }
    },
    "../node_modules/.pnpm/@tauri-apps+api@2.9.1/node_modules/@tauri-apps/api": {
      "version": "2.9.1",
      "license": "Apache-2.0 OR MIT",
      "devDependencies": {
        "@eslint/js": "^9.29.0",
        "@rollup/plugin-terser": "0.4.4",
        "@rollup/plugin-typescript": "12.3.0",
        "@types/eslint": "^9.6.1",
        "@types/node": "^24.0.0",
        "eslint": "^9.29.0",
        "eslint-config-prettier": "10.1.8",
        "eslint-plugin-security": "3.0.1",
        "fast-glob": "3.3.3",
        "globals": "^16.2.0",
        "rollup": "4.53.3",
        "tslib": "^2.8.1",
        "typescript": "^5.8.3",
        "typescript-eslint": "^8.34.1"
      },
      "funding": {
        "type": "opencollective",
        "url": "https://opencollective.com/tauri"
      }
    },
    "../node_modules/.pnpm/@tauri-apps+cli@2.9.6/node_modules/@tauri-apps/cli": {
      "version": "2.9.6",
      "dev": true,
      "license": "Apache-2.0 OR MIT",
      "bin": {
        "tauri": "tauri.js"
      },
      "devDependencies": {
        "@napi-rs/cli": "^3.4.1",
        "@types/node": "^24.0.0",
        "cross-env": "10.1.0",
        "vitest": "^4.0.0"
      },
      "engines": {
        "node": ">= 10"
      },
      "funding": {
        "type": "opencollective",
        "url": "https://opencollective.com/tauri"
      },
      "optionalDependencies": {
        "@tauri-apps/cli-darwin-arm64": "2.9.6",
        "@tauri-apps/cli-darwin-x64": "2.9.6",
        "@tauri-apps/cli-linux-arm-gnueabihf": "2.9.6",
        "@tauri-apps/cli-linux-arm64-gnu": "2.9.6",
        "@tauri-apps/cli-linux-arm64-musl": "2.9.6",
        "@tauri-apps/cli-linux-riscv64-gnu": "2.9.6",
        "@tauri-apps/cli-linux-x64-gnu": "2.9.6",
        "@tauri-apps/cli-linux-x64-musl": "2.9.6",
        "@tauri-apps/cli-win32-arm64-msvc": "2.9.6",
        "@tauri-apps/cli-win32-ia32-msvc": "2.9.6",
        "@tauri-apps/cli-win32-x64-msvc": "2.9.6"
      }
    },
    "../node_modules/.pnpm/@tauri-apps+plugin-barcode-scanner@2.4.3/node_modules/@tauri-apps/plugin-barcode-scanner": {
      "version": "2.4.3",
      "license": "MIT OR Apache-2.0",
      "dependencies": {
        "@tauri-apps/api": "^2.8.0"
      }
    },
    "../node_modules/.pnpm/@tauri-apps+plugin-clipboard-manager@2.3.2/node_modules/@tauri-apps/plugin-clipboard-manager": {
      "version": "2.3.2",
      "license": "MIT OR Apache-2.0",
      "dependencies": {
        "@tauri-apps/api": "^2.8.0"
      }
    },
    "../node_modules/.pnpm/@tauri-apps+plugin-dialog@2.6.0/node_modules/@tauri-apps/plugin-dialog": {
      "version": "2.6.0",
      "license": "MIT OR Apache-2.0",
      "dependencies": {
        "@tauri-apps/api": "^2.8.0"
      }
    },
    "../node_modules/.pnpm/@tauri-apps+plugin-fs@2.4.5/node_modules/@tauri-apps/plugin-fs": {
      "version": "2.4.5",
      "license": "MIT OR Apache-2.0",
      "dependencies": {
        "@tauri-apps/api": "^2.8.0"
      }
    },
    "../node_modules/.pnpm/@tauri-apps+plugin-http@2.5.6/node_modules/@tauri-apps/plugin-http": {
      "version": "2.5.6",
      "license": "MIT OR Apache-2.0",
      "dependencies": {
        "@tauri-apps/api": "^2.8.0"
      }
    },
    "../node_modules/.pnpm/@tauri-apps+plugin-notification@2.3.3/node_modules/@tauri-apps/plugin-notification": {
      "version": "2.3.3",
      "license": "MIT OR Apache-2.0",
      "dependencies": {
        "@tauri-apps/api": "^2.8.0"
      }
    },
    "../node_modules/.pnpm/@tauri-apps+plugin-opener@2.5.3/node_modules/@tauri-apps/plugin-opener": {
      "version": "2.5.3",
      "license": "MIT OR Apache-2.0",
      "dependencies": {
        "@tauri-apps/api": "^2.8.0"
      }
    },
    "../node_modules/.pnpm/@tauri-apps+plugin-os@2.3.2/node_modules/@tauri-apps/plugin-os": {
      "version": "2.3.2",
      "license": "MIT OR Apache-2.0",
      "dependencies": {
        "@tauri-apps/api": "^2.8.0"
      }
    },
    "../node_modules/.pnpm/@types+qrcode@1.5.6/node_modules/@types/qrcode": {
      "version": "1.5.6",
      "dev": true,
      "license": "MIT",
      "dependencies": {
        "@types/node": "*"
      }
    },
    "../node_modules/.pnpm/autoprefixer@10.4.23_postcss@8.5.6/node_modules/autoprefixer": {
      "version": "10.4.23",
      "dev": true,
      "funding": [
        {
          "type": "opencollective",
          "url": "https://opencollective.com/postcss/"
        },
        {
          "type": "tidelift",
          "url": "https://tidelift.com/funding/github/npm/autoprefixer"
        },
        {
          "type": "github",
          "url": "https://github.com/sponsors/ai"
        }
      ],
      "license": "MIT",
      "dependencies": {
        "browserslist": "^4.28.1",
        "caniuse-lite": "^1.0.30001760",
        "fraction.js": "^5.3.4",
        "picocolors": "^1.1.1",
        "postcss-value-parser": "^4.2.0"
      },
      "bin": {
        "autoprefixer": "bin/autoprefixer"
      },
      "engines": {
        "node": "^10 || ^12 || >=14"
      },
      "peerDependencies": {
        "postcss": "^8.1.0"
      }
    },
    "../node_modules/.pnpm/clsx@2.1.1/node_modules/clsx": {
      "version": "2.1.1",
      "license": "MIT",
      "devDependencies": {
        "esm": "3.2.25",
        "terser": "4.8.0",
        "uvu": "0.5.4"
      },
      "engines": {
        "node": ">=6"
      }
    },
    "../node_modules/.pnpm/internal-ip@8.0.1/node_modules/internal-ip": {
      "version": "8.0.1",
      "dev": true,
      "license": "MIT",
      "dependencies": {
        "cidr-tools": "^6.4.1",
        "default-gateway": "^7.2.2",
        "is-ip": "^5.0.0",
        "p-event": "^5.0.1"
      },
      "devDependencies": {
        "tsd": "^0.28.1",
        "xo": "^0.54.2"
      },
      "engines": {
        "node": ">=16"
      },
      "funding": {
        "url": "https://github.com/sindresorhus/internal-ip?sponsor=1"
      }
    },
    "../node_modules/.pnpm/kysely-d1@0.4.0_kysely@0.28.10/node_modules/kysely-d1": {
      "version": "0.4.0",
      "license": "MIT",
      "devDependencies": {
        "@cloudflare/workers-types": "^4.20230115.0",
        "@tsconfig/node14": "^1.0.3",
        "kysely": "^0.23.3",
        "prettier": "^2.7.1",
        "typescript": "^4.8.4"
      },
      "peerDependencies": {
        "kysely": "*"
      }
    },
    "../node_modules/.pnpm/kysely@0.28.10/node_modules/kysely": {
      "version": "0.28.10",
      "license": "MIT",
      "devDependencies": {
        "@arethetypeswrong/cli": "^0.18.2",
        "@ark/attest": "^0.56.0",
        "@types/better-sqlite3": "^7.6.13",
        "@types/chai": "^5.2.3",
        "@types/chai-as-promised": "^8.0.2",
        "@types/mocha": "^10.0.10",
        "@types/node": "^24.10.1",
        "@types/pg": "^8.16.0",
        "@types/pg-cursor": "^2.7.2",
        "@types/semver": "^7.7.1",
        "@types/sinon": "^21.0.0",
        "better-sqlite3": "^12.6.0",
        "chai": "^6.2.2",
        "chai-as-promised": "^8.0.2",
        "esbuild": "^0.27.2",
        "jsr": "^0.13.4",
        "lodash": "^4.17.21",
        "mocha": "^11.7.5",
        "mysql2": "^3.16.1",
        "pathe": "^2.0.3",
        "pg": "^8.17.1",
        "pg-cursor": "^2.16.1",
        "pkg-types": "^2.3.0",
        "playwright": "^1.57.0",
        "prettier": "^3.8.0",
        "semver": "^7.7.3",
        "sinon": "^21.0.1",
        "std-env": "^3.10.0",
        "tarn": "^3.0.2",
        "tedious": "^19.2.0",
        "tsd": "^0.33.0",
        "typescript": "~5.9.3"
      },
      "engines": {
        "node": ">=20.0.0"
      }
    },
    "../node_modules/.pnpm/lucide-solid@0.562.0_solid-js@1.9.10/node_modules/lucide-solid": {
      "version": "0.562.0",
      "license": "ISC",
      "devDependencies": {
        "@babel/core": "^7.23.9",
        "@babel/preset-env": "^7.23.9",
        "@babel/preset-typescript": "^7.23.3",
        "@lucide/build-icons": "1.1.0",
        "@lucide/rollup-plugins": "1.0.0",
        "@lucide/shared": "1.0.0",
        "@rollup/plugin-babel": "^6.0.4",
        "@solidjs/testing-library": "^0.8.10",
        "@testing-library/jest-dom": "^6.4.2",
        "babel-preset-solid": "^1.8.12",
        "esbuild": "^0.25.0",
        "jest-serializer-html": "^7.1.0",
        "rollup": "^4.53.3",
        "solid-js": "^1.9.4",
        "typescript": "^5.8.3",
        "vite": "^7.2.4",
        "vite-plugin-solid": "^2.11.6",
        "vitest": "^4.0.12"
      },
      "peerDependencies": {
        "solid-js": "^1.4.7"
      }
    },
    "../node_modules/.pnpm/postcss@8.5.6/node_modules/postcss": {
      "version": "8.5.6",
      "dev": true,
      "funding": [
        {
          "type": "opencollective",
          "url": "https://opencollective.com/postcss/"
        },
        {
          "type": "tidelift",
          "url": "https://tidelift.com/funding/github/npm/postcss"
        },
        {
          "type": "github",
          "url": "https://github.com/sponsors/ai"
        }
      ],
      "license": "MIT",
      "dependencies": {
        "nanoid": "^3.3.11",
        "picocolors": "^1.1.1",
        "source-map-js": "^1.2.1"
      },
      "engines": {
        "node": "^10 || ^12 || >=14"
      }
    },
    "../node_modules/.pnpm/prettier-plugin-tailwindcss@0.7.2_prettier@3.8.0/node_modules/prettier-plugin-tailwindcss": {
      "version": "0.7.2",
      "dev": true,
      "license": "MIT",
      "devDependencies": {
        "@babel/types": "^7.28.2",
        "@ianvs/prettier-plugin-sort-imports": "^4.7.0",
        "@microsoft/api-extractor": "^7.52.10",
        "@prettier/plugin-hermes": "^0.1.2",
        "@prettier/plugin-oxc": "^0.1.2",
        "@prettier/plugin-pug": "^3.4.2",
        "@shopify/prettier-plugin-liquid": "^1.10.0",
        "@trivago/prettier-plugin-sort-imports": "^6.0.0",
        "@types/node": "^24.3.0",
        "@zackad/prettier-plugin-twig": "^0.16.0",
        "ast-types": "^0.14.2",
        "clear-module": "^4.1.2",
        "cpy-cli": "^6.0.0",
        "dedent": "^1.6.0",
        "enhanced-resolve": "^5.18.3",
        "esbuild": "^0.25.9",
        "escalade": "^3.2.0",
        "import-sort-style-module": "^6.0.0",
        "jiti": "^2.6.0",
        "jsesc": "^3.1.0",
        "license-checker": "^25.0.1",
        "line-column": "^1.0.2",
        "marko": "^5.37.46",
        "postcss": "^8.5.6",
        "postcss-import": "^16.1.1",
        "prettier": "^3.7.3",
        "prettier-plugin-astro": "^0.14.1",
        "prettier-plugin-css-order": "^2.1.2",
        "prettier-plugin-jsdoc": "^1.3.3",
        "prettier-plugin-marko": "^3.3.2",
        "prettier-plugin-multiline-arrays": "^4.0.3",
        "prettier-plugin-organize-attributes": "^1.0.0",
        "prettier-plugin-organize-imports": "^4.2.0",
        "prettier-plugin-sort-imports": "^1.8.8",
        "prettier-plugin-svelte": "^3.4.0",
        "recast": "0.20.5",
        "resolve-from": "^5.0.0",
        "rimraf": "^6.0.1",
        "svelte": "^5.38.2",
        "tailwindcss-v3": "npm:tailwindcss@^3.4.18",
        "tailwindcss-v4": "npm:tailwindcss@^4.1.14",
        "tsup": "^8.5.0",
        "vitest": "^3.2.4"
      },
      "engines": {
        "node": ">=20.19"
      },
      "peerDependencies": {
        "@ianvs/prettier-plugin-sort-imports": "*",
        "@prettier/plugin-hermes": "*",
        "@prettier/plugin-oxc": "*",
        "@prettier/plugin-pug": "*",
        "@shopify/prettier-plugin-liquid": "*",
        "@trivago/prettier-plugin-sort-imports": "*",
        "@zackad/prettier-plugin-twig": "*",
        "prettier": "^3.0",
        "prettier-plugin-astro": "*",
        "prettier-plugin-css-order": "*",
        "prettier-plugin-jsdoc": "*",
        "prettier-plugin-marko": "*",
        "prettier-plugin-multiline-arrays": "*",
        "prettier-plugin-organize-attributes": "*",
        "prettier-plugin-organize-imports": "*",
        "prettier-plugin-sort-imports": "*",
        "prettier-plugin-svelte": "*"
      },
      "peerDependenciesMeta": {
        "@ianvs/prettier-plugin-sort-imports": {
          "optional": true
        },
        "@prettier/plugin-hermes": {
          "optional": true
        },
        "@prettier/plugin-oxc": {
          "optional": true
        },
        "@prettier/plugin-pug": {
          "optional": true
        },
        "@shopify/prettier-plugin-liquid": {
          "optional": true
        },
        "@trivago/prettier-plugin-sort-imports": {
          "optional": true
        },
        "@zackad/prettier-plugin-twig": {
          "optional": true
        },
        "prettier-plugin-astro": {
          "optional": true
        },
        "prettier-plugin-css-order": {
          "optional": true
        },
        "prettier-plugin-jsdoc": {
          "optional": true
        },
        "prettier-plugin-marko": {
          "optional": true
        },
        "prettier-plugin-multiline-arrays": {
          "optional": true
        },
        "prettier-plugin-organize-attributes": {
          "optional": true
        },
        "prettier-plugin-organize-imports": {
          "optional": true
        },
        "prettier-plugin-sort-imports": {
          "optional": true
        },
        "prettier-plugin-svelte": {
          "optional": true
        }
      }
    },
    "../node_modules/.pnpm/prettier@3.8.0/node_modules/prettier": {
      "version": "3.8.0",
      "dev": true,
      "license": "MIT",
      "bin": {
        "prettier": "bin/prettier.cjs"
      },
      "engines": {
        "node": ">=14"
      },
      "funding": {
        "url": "https://github.com/prettier/prettier?sponsor=1"
      }
    },
    "../node_modules/.pnpm/qrcode@1.5.4/node_modules/qrcode": {
      "version": "1.5.4",
      "license": "MIT",
      "dependencies": {
        "dijkstrajs": "^1.0.1",
        "pngjs": "^5.0.0",
        "yargs": "^15.3.1"
      },
      "bin": {
        "qrcode": "bin/qrcode"
      },
      "devDependencies": {
        "@babel/core": "^7.9.0",
        "@babel/preset-env": "^7.9.5",
        "@rollup/plugin-commonjs": "^11.1.0",
        "@rollup/plugin-node-resolve": "^7.1.3",
        "browserify": "^16.5.1",
        "canvas": "^2.8.0",
        "canvasutil": "0.0.4",
        "colors": "^1.4.0",
        "express": "^4.17.1",
        "htmlparser2": "^4.1.0",
        "rollup": "^2.6.1",
        "rollup-plugin-babel": "^4.4.0",
        "rollup-plugin-terser": "^5.3.0",
        "sinon": "^9.0.2",
        "standard": "^16.0.4",
        "tap": "^16.2.0"
      },
      "engines": {
        "node": ">=10.13.0"
      }
    },
    "../node_modules/.pnpm/solid-js@1.9.10/node_modules/solid-js": {
      "version": "1.9.10",
      "license": "MIT",
      "dependencies": {
        "csstype": "^3.1.0",
        "seroval": "~1.3.0",
        "seroval-plugins": "~1.3.0"
      }
    },
    "../node_modules/.pnpm/solid-sonner@0.2.8_solid-js@1.9.10/node_modules/solid-sonner": {
      "version": "0.2.8",
      "license": "MIT",
      "devDependencies": {
        "@antfu/eslint-config-ts": "^0.43.1",
        "@playwright/test": "^1.44.1",
        "@types/node": "^20.14.2",
        "bumpp": "^9.4.1",
        "copy-to-clipboard": "^3.3.3",
        "esbuild": "^0.21.4",
        "esbuild-plugin-solid": "^0.6.0",
        "eslint": "^8.56.0",
        "eslint-plugin-solid": "^0.14.0",
        "highlight.js": "^11.9.0",
        "jsdom": "^24.1.0",
        "solid-js": "^1.8.17",
        "tsup": "^8.1.0",
        "tsup-preset-solid": "^2.2.0",
        "typescript": "^5.4.5",
        "vite": "^5.2.13",
        "vite-plugin-solid": "^2.10.2"
      },
      "peerDependencies": {
        "solid-js": "^1.6.0"
      }
    },
    "../node_modules/.pnpm/tailwind-merge@3.4.0/node_modules/tailwind-merge": {
      "version": "3.4.0",
      "license": "MIT",
      "devDependencies": {
        "@babel/core": "^7.28.4",
        "@babel/preset-env": "^7.28.3",
        "@codspeed/vitest-plugin": "^5.0.1",
        "@rollup/plugin-babel": "^6.0.4",
        "@rollup/plugin-node-resolve": "^16.0.1",
        "@rollup/plugin-typescript": "^12.1.4",
        "@types/node": "^24.9.2",
        "@vitest/coverage-v8": "^3.2.4",
        "@vitest/eslint-plugin": "^1.3.15",
        "babel-plugin-annotate-pure-calls": "^0.5.0",
        "babel-plugin-polyfill-regenerator": "^0.6.5",
        "eslint": "^9.37.0",
        "eslint-plugin-import": "^2.32.0",
        "globby": "^11.1.0",
        "prettier": "^3.6.2",
        "rollup": "^4.52.4",
        "rollup-plugin-delete": "^3.0.1",
        "rollup-plugin-dts": "^6.2.3",
        "tslib": "^2.8.1",
        "typescript": "^5.9.3",
        "typescript-eslint": "^8.45.0",
        "vitest": "^3.2.4",
        "zx": "^8.8.4"
      },
      "funding": {
        "type": "github",
        "url": "https://github.com/sponsors/dcastil"
      }
    },
    "../node_modules/.pnpm/tailwindcss@4.1.18/node_modules/tailwindcss": {
      "version": "4.1.18",
      "license": "MIT",
      "devDependencies": {
        "@jridgewell/remapping": "^2.3.4",
        "@tailwindcss/oxide": "^4.1.18",
        "@types/node": "^20.19.0",
        "dedent": "1.7.0",
        "lightningcss": "1.30.2",
        "magic-string": "^0.30.21",
        "source-map-js": "^1.2.1"
      }
    },
    "../node_modules/.pnpm/typescript@5.9.3/node_modules/typescript": {
      "version": "5.9.3",
      "dev": true,
      "license": "Apache-2.0",
      "bin": {
        "tsc": "bin/tsc",
        "tsserver": "bin/tsserver"
      },
      "devDependencies": {
        "@dprint/formatter": "^0.4.1",
        "@dprint/typescript": "0.93.4",
        "@esfx/canceltoken": "^1.0.0",
        "@eslint/js": "^9.20.0",
        "@octokit/rest": "^21.1.1",
        "@types/chai": "^4.3.20",
        "@types/diff": "^7.0.1",
        "@types/minimist": "^1.2.5",
        "@types/mocha": "^10.0.10",
        "@types/ms": "^0.7.34",
        "@types/node": "latest",
        "@types/source-map-support": "^0.5.10",
        "@types/which": "^3.0.4",
        "@typescript-eslint/rule-tester": "^8.24.1",
        "@typescript-eslint/type-utils": "^8.24.1",
        "@typescript-eslint/utils": "^8.24.1",
        "azure-devops-node-api": "^14.1.0",
        "c8": "^10.1.3",
        "chai": "^4.5.0",
        "chokidar": "^4.0.3",
        "diff": "^7.0.0",
        "dprint": "^0.49.0",
        "esbuild": "^0.25.0",
        "eslint": "^9.20.1",
        "eslint-formatter-autolinkable-stylish": "^1.4.0",
        "eslint-plugin-regexp": "^2.7.0",
        "fast-xml-parser": "^4.5.2",
        "glob": "^10.4.5",
        "globals": "^15.15.0",
        "hereby": "^1.10.0",
        "jsonc-parser": "^3.3.1",
        "knip": "^5.44.4",
        "minimist": "^1.2.8",
        "mocha": "^10.8.2",
        "mocha-fivemat-progress-reporter": "^0.1.0",
        "monocart-coverage-reports": "^2.12.1",
        "ms": "^2.1.3",
        "picocolors": "^1.1.1",
        "playwright": "^1.50.1",
        "source-map-support": "^0.5.21",
        "tslib": "^2.8.1",
        "typescript": "^5.7.3",
        "typescript-eslint": "^8.24.1",
        "which": "^3.0.1"
      },
      "engines": {
        "node": ">=14.17"
      }
    },
    "../node_modules/.pnpm/vconsole@3.15.1/node_modules/vconsole": {
      "version": "3.15.1",
      "license": "MIT",
      "dependencies": {
        "@babel/runtime": "^7.17.2",
        "copy-text-to-clipboard": "^3.0.1",
        "core-js": "^3.11.0",
        "mutation-observer": "^1.0.3"
      },
      "devDependencies": {
        "@babel/core": "^7.14.0",
        "@babel/plugin-proposal-class-properties": "^7.13.0",
        "@babel/plugin-proposal-export-namespace-from": "^7.12.13",
        "@babel/plugin-proposal-object-rest-spread": "^7.13.8",
        "@babel/plugin-transform-block-scoping": "^7.16.0",
        "@babel/plugin-transform-runtime": "^7.17.0",
        "@babel/preset-env": "^7.14.1",
        "@babel/preset-typescript": "^7.13.0",
        "babel-loader": "^8.2.4",
        "babel-plugin-add-module-exports": "^1.0.4",
        "css-loader": "^6.7.1",
        "less": "^4.1.2",
        "less-loader": "^10.2.0",
        "style-loader": "^3.3.1",
        "svelte": "^3.47.0",
        "svelte-loader": "^3.1.2",
        "svelte-preprocess": "^4.10.6",
        "typescript": "^4.6.3",
        "webpack": "^5.72.0",
        "webpack-cli": "^4.9.2",
        "webpack-dev-server": "^4.8.1",
        "webpack-merge": "^5.8.0"
      }
    },
    "../node_modules/.pnpm/vinxi@0.5.11_@types+node@25.0.3_better-sqlite3@12.6.2_db0@0.3.4_better-sqlite3@12.6.2_d_2444ee2e3f1bccf58137ed877072d97f/node_modules/vinxi": {
      "version": "0.5.11",
      "license": "MIT",
      "dependencies": {
        "@babel/core": "^7.22.11",
        "@babel/plugin-syntax-jsx": "^7.22.5",
        "@babel/plugin-syntax-typescript": "^7.22.5",
        "@types/micromatch": "^4.0.2",
        "@vinxi/listhen": "^1.5.6",
        "boxen": "^8.0.1",
        "chokidar": "^4.0.3",
        "citty": "^0.1.6",
        "consola": "^3.4.2",
        "crossws": "^0.3.4",
        "dax-sh": "^0.43.0",
        "defu": "^6.1.4",
        "es-module-lexer": "^1.7.0",
        "esbuild": "^0.25.3",
        "get-port-please": "^3.1.2",
        "h3": "1.15.3",
        "hookable": "^5.5.3",
        "http-proxy": "^1.18.1",
        "micromatch": "^4.0.8",
        "nitropack": "^2.11.10",
        "node-fetch-native": "^1.6.6",
        "path-to-regexp": "^6.2.1",
        "pathe": "^1.1.1",
        "radix3": "^1.1.2",
        "resolve": "^1.22.10",
        "serve-placeholder": "^2.0.1",
        "serve-static": "^1.15.0",
        "tinyglobby": "^0.2.14",
        "ufo": "^1.6.1",
        "unctx": "^2.4.1",
        "unenv": "^1.10.0",
        "unstorage": "^1.16.0",
        "vite": "^6.4.1",
        "zod": "^4.0.0"
      },
      "bin": {
        "vinxi": "bin/cli.mjs"
      },
      "devDependencies": {
        "@types/babel__core": "^7.20.1",
        "@types/node": "^18.17.11",
        "@types/resolve": "^1.20.6",
        "@types/serve-static": "^1.15.2",
        "cookie-es": "^1.0.0",
        "prettier": "^2.8.8",
        "vitest": "^0.28.5"
      }
    },
    "../node_modules/.pnpm/vite-plugin-solid@2.11.10_solid-js@1.9.10_vite@7.3.1_@types+node@25.0.3_jiti@2.6.1_lightningcss@1.30.2_terser@5.46.0_/node_modules/vite-plugin-solid": {
      "version": "2.11.10",
      "dev": true,
      "license": "MIT",
      "dependencies": {
        "@babel/core": "^7.23.3",
        "@types/babel__core": "^7.20.4",
        "babel-preset-solid": "^1.8.4",
        "merge-anything": "^5.1.7",
        "solid-refresh": "^0.6.3",
        "vitefu": "^1.0.4"
      },
      "devDependencies": {
        "@babel/preset-env": "^7.23.3",
        "@babel/preset-typescript": "^7.23.3",
        "@changesets/cli": "^2.27.1",
        "@rollup/plugin-babel": "^6.0.4",
        "@rollup/plugin-commonjs": "^25.0.7",
        "@rollup/plugin-node-resolve": "^15.2.3",
        "@skypack/package-check": "^0.2.2",
        "@types/node": "^18.18.4",
        "cypress": "^14.0.0",
        "cypress-visual-regression": "^5.2.2",
        "cypress-vite": "^1.6.0",
        "cypress-wait-until": "^3.0.2",
        "prettier": "^3.1.0",
        "rollup": "^4.5.0",
        "rollup-plugin-cleaner": "^1.0.0",
        "solid-js": "^1.9.3",
        "typescript": "^5.2.2",
        "vite": "^6.0.0"
      },
      "peerDependencies": {
        "@testing-library/jest-dom": "^5.16.6 || ^5.17.0 || ^6.*",
        "solid-js": "^1.7.2",
        "vite": "^3.0.0 || ^4.0.0 || ^5.0.0 || ^6.0.0 || ^7.0.0"
      },
      "peerDependenciesMeta": {
        "@testing-library/jest-dom": {
          "optional": true
        }
      }
    },
    "../node_modules/.pnpm/vite@7.3.1_@types+node@25.0.3_jiti@2.6.1_lightningcss@1.30.2_terser@5.46.0/node_modules/vite": {
      "version": "7.3.1",
      "dev": true,
      "license": "MIT",
      "dependencies": {
        "esbuild": "^0.27.0",
        "fdir": "^6.5.0",
        "picomatch": "^4.0.3",
        "postcss": "^8.5.6",
        "rollup": "^4.43.0",
        "tinyglobby": "^0.2.15"
      },
      "bin": {
        "vite": "bin/vite.js"
      },
      "devDependencies": {
        "@babel/parser": "^7.28.5",
        "@jridgewell/remapping": "^2.3.5",
        "@jridgewell/trace-mapping": "^0.3.31",
        "@oxc-project/types": "0.95.0",
        "@polka/compression": "^1.0.0-next.25",
        "@rolldown/pluginutils": "^1.0.0-beta.52",
        "@rollup/plugin-alias": "^5.1.1",
        "@rollup/plugin-commonjs": "^29.0.0",
        "@rollup/plugin-dynamic-import-vars": "2.1.4",
        "@rollup/pluginutils": "^5.3.0",
        "@types/escape-html": "^1.0.4",
        "@types/pnpapi": "^0.0.5",
        "artichokie": "^0.4.2",
        "baseline-browser-mapping": "^2.8.32",
        "cac": "^6.7.14",
        "chokidar": "^3.6.0",
        "connect": "^3.7.0",
        "convert-source-map": "^2.0.0",
        "cors": "^2.8.5",
        "cross-spawn": "^7.0.6",
        "dotenv": "^17.2.3",
        "dotenv-expand": "^12.0.3",
        "es-module-lexer": "^1.7.0",
        "escape-html": "^1.0.3",
        "estree-walker": "^3.0.3",
        "etag": "^1.8.1",
        "host-validation-middleware": "^0.1.2",
        "http-proxy-3": "^1.22.0",
        "launch-editor-middleware": "^2.12.0",
        "lightningcss": "^1.30.2",
        "magic-string": "^0.30.21",
        "mlly": "^1.8.0",
        "mrmime": "^2.0.1",
        "nanoid": "^5.1.6",
        "obug": "^1.0.2",
        "open": "^10.2.0",
        "parse5": "^8.0.0",
        "pathe": "^2.0.3",
        "periscopic": "^4.0.2",
        "picocolors": "^1.1.1",
        "postcss-import": "^16.1.1",
        "postcss-load-config": "^6.0.1",
        "postcss-modules": "^6.0.1",
        "premove": "^4.0.0",
        "resolve.exports": "^2.0.3",
        "rolldown": "^1.0.0-beta.52",
        "rolldown-plugin-dts": "^0.18.1",
        "rollup-plugin-license": "^3.6.0",
        "sass": "^1.94.2",
        "sass-embedded": "^1.93.3",
        "sirv": "^3.0.2",
        "strip-literal": "^3.1.0",
        "terser": "^5.44.1",
        "tsconfck": "^3.1.6",
        "ufo": "^1.6.1",
        "ws": "^8.18.3"
      },
      "engines": {
        "node": "^20.19.0 || >=22.12.0"
      },
      "funding": {
        "url": "https://github.com/vitejs/vite?sponsor=1"
      },
      "optionalDependencies": {
        "fsevents": "~2.3.3"
      },
      "peerDependencies": {
        "@types/node": "^20.19.0 || >=22.12.0",
        "jiti": ">=1.21.0",
        "less": "^4.0.0",
        "lightningcss": "^1.21.0",
        "sass": "^1.70.0",
        "sass-embedded": "^1.70.0",
        "stylus": ">=0.54.8",
        "sugarss": "^5.0.0",
        "terser": "^5.16.0",
        "tsx": "^4.8.1",
        "yaml": "^2.4.2"
      },
      "peerDependenciesMeta": {
        "@types/node": {
          "optional": true
        },
        "jiti": {
          "optional": true
        },
        "less": {
          "optional": true
        },
        "lightningcss": {
          "optional": true
        },
        "sass": {
          "optional": true
        },
        "sass-embedded": {
          "optional": true
        },
        "stylus": {
          "optional": true
        },
        "sugarss": {
          "optional": true
        },
        "terser": {
          "optional": true
        },
        "tsx": {
          "optional": true
        },
        "yaml": {
          "optional": true
        }
      }
    },
    "node_modules/@motionone/animation": {
      "version": "10.18.0",
      "resolved": "https://registry.npmjs.org/@motionone/animation/-/animation-10.18.0.tgz",
      "integrity": "sha512-9z2p5GFGCm0gBsZbi8rVMOAJCtw1WqBTIPw3ozk06gDvZInBPIsQcHgYogEJ4yuHJ+akuW8g1SEIOpTOvYs8hw==",
      "license": "MIT",
      "dependencies": {
        "@motionone/easing": "^10.18.0",
        "@motionone/types": "^10.17.1",
        "@motionone/utils": "^10.18.0",
        "tslib": "^2.3.1"
      }
    },
    "node_modules/@motionone/dom": {
      "version": "10.18.0",
      "resolved": "https://registry.npmjs.org/@motionone/dom/-/dom-10.18.0.tgz",
      "integrity": "sha512-bKLP7E0eyO4B2UaHBBN55tnppwRnaE3KFfh3Ps9HhnAkar3Cb69kUCJY9as8LrccVYKgHA+JY5dOQqJLOPhF5A==",
      "license": "MIT",
      "dependencies": {
        "@motionone/animation": "^10.18.0",
        "@motionone/generators": "^10.18.0",
        "@motionone/types": "^10.17.1",
        "@motionone/utils": "^10.18.0",
        "hey-listen": "^1.0.8",
        "tslib": "^2.3.1"
      }
    },
    "node_modules/@motionone/easing": {
      "version": "10.18.0",
      "resolved": "https://registry.npmjs.org/@motionone/easing/-/easing-10.18.0.tgz",
      "integrity": "sha512-VcjByo7XpdLS4o9T8t99JtgxkdMcNWD3yHU/n6CLEz3bkmKDRZyYQ/wmSf6daum8ZXqfUAgFeCZSpJZIMxaCzg==",
      "license": "MIT",
      "dependencies": {
        "@motionone/utils": "^10.18.0",
        "tslib": "^2.3.1"
      }
    },
    "node_modules/@motionone/generators": {
      "version": "10.18.0",
      "resolved": "https://registry.npmjs.org/@motionone/generators/-/generators-10.18.0.tgz",
      "integrity": "sha512-+qfkC2DtkDj4tHPu+AFKVfR/C30O1vYdvsGYaR13W/1cczPrrcjdvYCj0VLFuRMN+lP1xvpNZHCRNM4fBzn1jg==",
      "license": "MIT",
      "dependencies": {
        "@motionone/types": "^10.17.1",
        "@motionone/utils": "^10.18.0",
        "tslib": "^2.3.1"
      }
    },
    "node_modules/@motionone/types": {
      "version": "10.17.1",
      "resolved": "https://registry.npmjs.org/@motionone/types/-/types-10.17.1.tgz",
      "integrity": "sha512-KaC4kgiODDz8hswCrS0btrVrzyU2CSQKO7Ps90ibBVSQmjkrt2teqta6/sOG59v7+dPnKMAg13jyqtMKV2yJ7A==",
      "license": "MIT"
    },
    "node_modules/@motionone/utils": {
      "version": "10.18.0",
      "resolved": "https://registry.npmjs.org/@motionone/utils/-/utils-10.18.0.tgz",
      "integrity": "sha512-3XVF7sgyTSI2KWvTf6uLlBJ5iAgRgmvp3bpuOiQJvInd4nZ19ET8lX5unn30SlmRH7hXbBbH+Gxd0m0klJ3Xtw==",
      "license": "MIT",
      "dependencies": {
        "@motionone/types": "^10.17.1",
        "hey-listen": "^1.0.8",
        "tslib": "^2.3.1"
      }
    },
    "node_modules/@solid-primitives/autofocus": {
      "resolved": "../node_modules/.pnpm/@solid-primitives+autofocus@0.1.3_solid-js@1.9.10/node_modules/@solid-primitives/autofocus",
      "link": true
    },
    "node_modules/@solid-primitives/event-listener": {
      "resolved": "../node_modules/.pnpm/@solid-primitives+event-listener@2.4.3_solid-js@1.9.10/node_modules/@solid-primitives/event-listener",
      "link": true
    },
    "node_modules/@solid-primitives/fetch": {
      "resolved": "../node_modules/.pnpm/@solid-primitives+fetch@2.5.2_solid-js@1.9.10/node_modules/@solid-primitives/fetch",
      "link": true
    },
    "node_modules/@solid-primitives/props": {
      "version": "3.2.2",
      "resolved": "https://registry.npmjs.org/@solid-primitives/props/-/props-3.2.2.tgz",
      "integrity": "sha512-lZOTwFJajBrshSyg14nBMEP0h8MXzPowGO0s3OeiR3z6nXHTfj0FhzDtJMv+VYoRJKQHG2QRnJTgCzK6erARAw==",
      "license": "MIT",
      "dependencies": {
        "@solid-primitives/utils": "^6.3.2"
      },
      "peerDependencies": {
        "solid-js": "^1.6.12"
      }
    },
    "node_modules/@solid-primitives/refs": {
      "version": "1.1.2",
      "resolved": "https://registry.npmjs.org/@solid-primitives/refs/-/refs-1.1.2.tgz",
      "integrity": "sha512-K7tf2thy7L+YJjdqXspXOg5xvNEOH8tgEWsp0+1mQk3obHBRD6hEjYZk7p7FlJphSZImS35je3UfmWuD7MhDfg==",
      "license": "MIT",
      "dependencies": {
        "@solid-primitives/utils": "^6.3.2"
      },
      "peerDependencies": {
        "solid-js": "^1.6.12"
      }
    },
    "node_modules/@solid-primitives/storage": {
      "resolved": "../node_modules/.pnpm/@solid-primitives+storage@4.3.3_solid-js@1.9.10/node_modules/@solid-primitives/storage",
      "link": true
    },
    "node_modules/@solid-primitives/transition-group": {
      "resolved": "../node_modules/.pnpm/@solid-primitives+transition-group@1.1.2_solid-js@1.9.10/node_modules/@solid-primitives/transition-group",
      "link": true
    },
    "node_modules/@solid-primitives/utils": {
      "version": "6.3.2",
      "resolved": "https://registry.npmjs.org/@solid-primitives/utils/-/utils-6.3.2.tgz",
      "integrity": "sha512-hZ/M/qr25QOCcwDPOHtGjxTD8w2mNyVAYvcfgwzBHq2RwNqHNdDNsMZYap20+ruRwW4A3Cdkczyoz0TSxLCAPQ==",
      "license": "MIT",
      "peerDependencies": {
        "solid-js": "^1.6.12"
      }
    },
    "node_modules/@solidjs/router": {
      "resolved": "../node_modules/.pnpm/@solidjs+router@0.15.4_solid-js@1.9.10/node_modules/@solidjs/router",
      "link": true
    },
    "node_modules/@solidjs/start": {
      "resolved": "../node_modules/.pnpm/@solidjs+start@1.2.1_solid-js@1.9.10_vinxi@0.5.11_@types+node@25.0.3_better-sqlite3@12._4e7f513a8930e4946e26d4ec267f8bcf/node_modules/@solidjs/start",
      "link": true
    },
    "node_modules/@tauri-apps/api": {
      "resolved": "../node_modules/.pnpm/@tauri-apps+api@2.9.1/node_modules/@tauri-apps/api",
      "link": true
    },
    "node_modules/@tauri-apps/cli": {
      "resolved": "../node_modules/.pnpm/@tauri-apps+cli@2.9.6/node_modules/@tauri-apps/cli",
      "link": true
    },
    "node_modules/@tauri-apps/plugin-barcode-scanner": {
      "resolved": "../node_modules/.pnpm/@tauri-apps+plugin-barcode-scanner@2.4.3/node_modules/@tauri-apps/plugin-barcode-scanner",
      "link": true
    },
    "node_modules/@tauri-apps/plugin-clipboard-manager": {
      "resolved": "../node_modules/.pnpm/@tauri-apps+plugin-clipboard-manager@2.3.2/node_modules/@tauri-apps/plugin-clipboard-manager",
      "link": true
    },
    "node_modules/@tauri-apps/plugin-dialog": {
      "resolved": "../node_modules/.pnpm/@tauri-apps+plugin-dialog@2.6.0/node_modules/@tauri-apps/plugin-dialog",
      "link": true
    },
    "node_modules/@tauri-apps/plugin-fs": {
      "resolved": "../node_modules/.pnpm/@tauri-apps+plugin-fs@2.4.5/node_modules/@tauri-apps/plugin-fs",
      "link": true
    },
    "node_modules/@tauri-apps/plugin-http": {
      "resolved": "../node_modules/.pnpm/@tauri-apps+plugin-http@2.5.6/node_modules/@tauri-apps/plugin-http",
      "link": true
    },
    "node_modules/@tauri-apps/plugin-notification": {
      "resolved": "../node_modules/.pnpm/@tauri-apps+plugin-notification@2.3.3/node_modules/@tauri-apps/plugin-notification",
      "link": true
    },
    "node_modules/@tauri-apps/plugin-opener": {
      "resolved": "../node_modules/.pnpm/@tauri-apps+plugin-opener@2.5.3/node_modules/@tauri-apps/plugin-opener",
      "link": true
    },
    "node_modules/@tauri-apps/plugin-os": {
      "resolved": "../node_modules/.pnpm/@tauri-apps+plugin-os@2.3.2/node_modules/@tauri-apps/plugin-os",
      "link": true
    },
    "node_modules/@types/qrcode": {
      "resolved": "../node_modules/.pnpm/@types+qrcode@1.5.6/node_modules/@types/qrcode",
      "link": true
    },
    "node_modules/autoprefixer": {
      "resolved": "../node_modules/.pnpm/autoprefixer@10.4.23_postcss@8.5.6/node_modules/autoprefixer",
      "link": true
    },
    "node_modules/clsx": {
      "resolved": "../node_modules/.pnpm/clsx@2.1.1/node_modules/clsx",
      "link": true
    },
    "node_modules/csstype": {
      "version": "3.2.3",
      "resolved": "https://registry.npmjs.org/csstype/-/csstype-3.2.3.tgz",
      "integrity": "sha512-z1HGKcYy2xA8AGQfwrn0PAy+PB7X/GSj3UVJW9qKyn43xWa+gl5nXmU4qqLMRzWVLFC8KusUX8T/0kCiOYpAIQ==",
      "license": "MIT"
    },
    "node_modules/hey-listen": {
      "version": "1.0.8",
      "resolved": "https://registry.npmjs.org/hey-listen/-/hey-listen-1.0.8.tgz",
      "integrity": "sha512-COpmrF2NOg4TBWUJ5UVyaCU2A88wEMkUPK4hNqyCkqHbxT92BbvfjoSozkAIIm6XhicGlJHhFdullInrdhwU8Q==",
      "license": "MIT"
    },
    "node_modules/internal-ip": {
      "resolved": "../node_modules/.pnpm/internal-ip@8.0.1/node_modules/internal-ip",
      "link": true
    },
    "node_modules/kysely": {
      "resolved": "../node_modules/.pnpm/kysely@0.28.10/node_modules/kysely",
      "link": true
    },
    "node_modules/kysely-d1": {
      "resolved": "../node_modules/.pnpm/kysely-d1@0.4.0_kysely@0.28.10/node_modules/kysely-d1",
      "link": true
    },
    "node_modules/lucide-solid": {
      "resolved": "../node_modules/.pnpm/lucide-solid@0.562.0_solid-js@1.9.10/node_modules/lucide-solid",
      "link": true
    },
    "node_modules/postcss": {
      "resolved": "../node_modules/.pnpm/postcss@8.5.6/node_modules/postcss",
      "link": true
    },
    "node_modules/prettier": {
      "resolved": "../node_modules/.pnpm/prettier@3.8.0/node_modules/prettier",
      "link": true
    },
    "node_modules/prettier-plugin-tailwindcss": {
      "resolved": "../node_modules/.pnpm/prettier-plugin-tailwindcss@0.7.2_prettier@3.8.0/node_modules/prettier-plugin-tailwindcss",
      "link": true
    },
    "node_modules/qrcode": {
      "resolved": "../node_modules/.pnpm/qrcode@1.5.4/node_modules/qrcode",
      "link": true
    },
    "node_modules/solid-js": {
      "resolved": "../node_modules/.pnpm/solid-js@1.9.10/node_modules/solid-js",
      "link": true
    },
    "node_modules/solid-motionone": {
      "version": "1.0.4",
      "resolved": "https://registry.npmjs.org/solid-motionone/-/solid-motionone-1.0.4.tgz",
      "integrity": "sha512-aqEjgecoO9raDFznu/dEci7ORSmA26Kjj9J4Cn1Gyr0GZuOVdvsNxdxClTL9J40Aq/uYFx4GLwC8n70fMLHiuA==",
      "license": "MIT",
      "dependencies": {
        "@motionone/dom": "^10.17.0",
        "@motionone/utils": "^10.17.0",
        "@solid-primitives/props": "^3.1.11",
        "@solid-primitives/refs": "^1.0.8",
        "@solid-primitives/transition-group": "^1.0.5",
        "csstype": "^3.1.3"
      },
      "peerDependencies": {
        "solid-js": "^1.8.0"
      }
    },
    "node_modules/solid-sonner": {
      "resolved": "../node_modules/.pnpm/solid-sonner@0.2.8_solid-js@1.9.10/node_modules/solid-sonner",
      "link": true
    },
    "node_modules/tailwind-merge": {
      "resolved": "../node_modules/.pnpm/tailwind-merge@3.4.0/node_modules/tailwind-merge",
      "link": true
    },
    "node_modules/tailwindcss": {
      "resolved": "../node_modules/.pnpm/tailwindcss@4.1.18/node_modules/tailwindcss",
      "link": true
    },
    "node_modules/tslib": {
      "version": "2.8.1",
      "resolved": "https://registry.npmjs.org/tslib/-/tslib-2.8.1.tgz",
      "integrity": "sha512-oJFu94HQb+KVduSUQL7wnpmqnfmLsOA/nAh6b6EH0wCEoK0/mPeXU6c3wKDV83MkOuHPRHtSXKKU99IBazS/2w==",
      "license": "0BSD"
    },
    "node_modules/typescript": {
      "resolved": "../node_modules/.pnpm/typescript@5.9.3/node_modules/typescript",
      "link": true
    },
    "node_modules/vconsole": {
      "resolved": "../node_modules/.pnpm/vconsole@3.15.1/node_modules/vconsole",
      "link": true
    },
    "node_modules/vinxi": {
      "resolved": "../node_modules/.pnpm/vinxi@0.5.11_@types+node@25.0.3_better-sqlite3@12.6.2_db0@0.3.4_better-sqlite3@12.6.2_d_2444ee2e3f1bccf58137ed877072d97f/node_modules/vinxi",
      "link": true
    },
    "node_modules/vite": {
      "resolved": "../node_modules/.pnpm/vite@7.3.1_@types+node@25.0.3_jiti@2.6.1_lightningcss@1.30.2_terser@5.46.0/node_modules/vite",
      "link": true
    },
    "node_modules/vite-plugin-solid": {
      "resolved": "../node_modules/.pnpm/vite-plugin-solid@2.11.10_solid-js@1.9.10_vite@7.3.1_@types+node@25.0.3_jiti@2.6.1_lightningcss@1.30.2_terser@5.46.0_/node_modules/vite-plugin-solid",
      "link": true
    }
  }
}
